
Microsoft Visual Studio Solution File, Format Version 12.00
# Visual Studio Version 17
VisualStudioVersion = 17.0.31903.59
MinimumVisualStudioVersion = 10.0.40219.1
Project("{FAE04EC0-301F-11D3-BF4B-00C04F79EFBC}") = "TodoList.UWP", "TodoList\TodoList.UWP\TodoList.UWP.csproj", "{25BA0097-F7FE-4EE9-A06B-CDC68FFA96FA}"
EndProject
Project("{FAE04EC0-301F-11D3-BF4B-00C04F79EFBC}") = "TodoList.Android", "TodoList\TodoList.Android\TodoList.Android.csproj", "{AB2E6643-F0A0-425A-AF84-FF6A58BB3165}"
EndProject
Project("{FAE04EC0-301F-11D3-BF4B-00C04F79EFBC}") = "TodoList.iOS", "TodoList\TodoList.iOS\TodoList.iOS.csproj", "{91882EA8-55D4-47B2-A965-CFF469D875F8}"
EndProject
Project("{FAE04EC0-301F-11D3-BF4B-00C04F79EFBC}") = "TodoList", "TodoList\TodoList\TodoList.csproj", "{FA2CBC77-273D-4D6C-A4E4-87C728D83827}"
EndProject
Global
	GlobalSection(SolutionConfigurationPlatforms) = preSolution
		Debug|Any CPU = Debug|Any CPU
		Debug|ARM = Debug|ARM
		Debug|iPhone = Debug|iPhone
		Debug|iPhoneSimulator = Debug|iPhoneSimulator
		Debug|x64 = Debug|x64
		Debug|x86 = Debug|x86
		Release|Any CPU = Release|Any CPU
		Release|ARM = Release|ARM
		Release|iPhone = Release|iPhone
		Release|iPhoneSimulator = Release|iPhoneSimulator
		Release|x64 = Release|x64
		Release|x86 = Release|x86
	EndGlobalSection
	GlobalSection(ProjectConfigurationPlatforms) = postSolution
		{25BA0097-F7FE-4EE9-A06B-CDC68FFA96FA}.Debug|Any CPU.ActiveCfg = Debug|x64
		{25BA0097-F7FE-4EE9-A06B-CDC68FFA96FA}.Debug|Any CPU.Build.0 = Debug|x64
		{25BA0097-F7FE-4EE9-A06B-CDC68FFA96FA}.Debug|Any CPU.Deploy.0 = Debug|x64
		{25BA0097-F7FE-4EE9-A06B-CDC68FFA96FA}.Debug|ARM.ActiveCfg = Debug|ARM
		{25BA0097-F7FE-4EE9-A06B-CDC68FFA96FA}.Debug|ARM.Build.0 = Debug|ARM
		{25BA0097-F7FE-4EE9-A06B-CDC68FFA96FA}.Debug|ARM.Deploy.0 = Debug|ARM
		{25BA0097-F7FE-4EE9-A06B-CDC68FFA96FA}.Debug|iPhone.ActiveCfg = Debug|x64
		{25BA0097-F7FE-4EE9-A06B-CDC68FFA96FA}.Debug|iPhone.Build.0 = Debug|x64
		{25BA0097-F7FE-4EE9-A06B-CDC68FFA96FA}.Debug|iPhone.Deploy.0 = Debug|x64
		{25BA0097-F7FE-4EE9-A06B-CDC68FFA96FA}.Debug|iPhoneSimulator.ActiveCfg = Debug|x64
		{25BA0097-F7FE-4EE9-A06B-CDC68FFA96FA}.Debug|iPhoneSimulator.Build.0 = Debug|x64
		{25BA0097-F7FE-4EE9-A06B-CDC68FFA96FA}.Debug|iPhoneSimulator.Deploy.0 = Debug|x64
		{25BA0097-F7FE-4EE9-A06B-CDC68FFA96FA}.Debug|x64.ActiveCfg = Debug|x64
		{25BA0097-F7FE-4EE9-A06B-CDC68FFA96FA}.Debug|x64.Build.0 = Debug|x64
		{25BA0097-F7FE-4EE9-A06B-CDC68FFA96FA}.Debug|x64.Deploy.0 = Debug|x64
		{25BA0097-F7FE-4EE9-A06B-CDC68FFA96FA}.Debug|x86.ActiveCfg = Debug|x86
		{25BA0097-F7FE-4EE9-A06B-CDC68FFA96FA}.Debug|x86.Build.0 = Debug|x86
		{25BA0097-F7FE-4EE9-A06B-CDC68FFA96FA}.Debug|x86.Deploy.0 = Debug|x86
		{25BA0097-F7FE-4EE9-A06B-CDC68FFA96FA}.Release|Any CPU.ActiveCfg = Release|x64
		{25BA0097-F7FE-4EE9-A06B-CDC68FFA96FA}.Release|Any CPU.Build.0 = Release|x64
		{25BA0097-F7FE-4EE9-A06B-CDC68FFA96FA}.Release|Any CPU.Deploy.0 = Release|x64
		{25BA0097-F7FE-4EE9-A06B-CDC68FFA96FA}.Release|ARM.ActiveCfg = Release|ARM
		{25BA0097-F7FE-4EE9-A06B-CDC68FFA96FA}.Release|ARM.Build.0 = Release|ARM
		{25BA0097-F7FE-4EE9-A06B-CDC68FFA96FA}.Release|ARM.Deploy.0 = Release|ARM
		{25BA0097-F7FE-4EE9-A06B-CDC68FFA96FA}.Release|iPhone.ActiveCfg = Release|x64
		{25BA0097-F7FE-4EE9-A06B-CDC68FFA96FA}.Release|iPhone.Build.0 = Release|x64
		{25BA0097-F7FE-4EE9-A06B-CDC68FFA96FA}.Release|iPhone.Deploy.0 = Release|x64
		{25BA0097-F7FE-4EE9-A06B-CDC68FFA96FA}.Release|iPhoneSimulator.ActiveCfg = Release|x64
		{25BA0097-F7FE-4EE9-A06B-CDC68FFA96FA}.Release|iPhoneSimulator.Build.0 = Release|x64
		{25BA0097-F7FE-4EE9-A06B-CDC68FFA96FA}.Release|iPhoneSimulator.Deploy.0 = Release|x64
		{25BA0097-F7FE-4EE9-A06B-CDC68FFA96FA}.Release|x64.ActiveCfg = Release|x64
		{25BA0097-F7FE-4EE9-A06B-CDC68FFA96FA}.Release|x64.Build.0 = Release|x64
		{25BA0097-F7FE-4EE9-A06B-CDC68FFA96FA}.Release|x64.Deploy.0 = Release|x64
		{25BA0097-F7FE-4EE9-A06B-CDC68FFA96FA}.Release|x86.ActiveCfg = Release|x86
		{25BA0097-F7FE-4EE9-A06B-CDC68FFA96FA}.Release|x86.Build.0 = Release|x86
		{25BA0097-F7FE-4EE9-A06B-CDC68FFA96FA}.Release|x86.Deploy.0 = Release|x86
		{AB2E6643-F0A0-425A-AF84-FF6A58BB3165}.Debug|Any CPU.ActiveCfg = Debug|Any CPU
		{AB2E6643-F0A0-425A-AF84-FF6A58BB3165}.Debug|Any CPU.Build.0 = Debug|Any CPU
		{AB2E6643-F0A0-425A-AF84-FF6A58BB3165}.Debug|Any CPU.Deploy.0 = Debug|Any CPU
		{AB2E6643-F0A0-425A-AF84-FF6A58BB3165}.Debug|ARM.ActiveCfg = Debug|Any CPU
		{AB2E6643-F0A0-425A-AF84-FF6A58BB3165}.Debug|ARM.Build.0 = Debug|Any CPU
		{AB2E6643-F0A0-425A-AF84-FF6A58BB3165}.Debug|ARM.Deploy.0 = Debug|Any CPU
		{AB2E6643-F0A0-425A-AF84-FF6A58BB3165}.Debug|iPhone.ActiveCfg = Debug|Any CPU
		{AB2E6643-F0A0-425A-AF84-FF6A58BB3165}.Debug|iPhone.Build.0 = Debug|Any CPU
		{AB2E6643-F0A0-425A-AF84-FF6A58BB3165}.Debug|iPhone.Deploy.0 = Debug|Any CPU
		{AB2E6643-F0A0-425A-AF84-FF6A58BB3165}.Debug|iPhoneSimulator.ActiveCfg = Debug|Any CPU
		{AB2E6643-F0A0-425A-AF84-FF6A58BB3165}.Debug|iPhoneSimulator.Build.0 = Debug|Any CPU
		{AB2E6643-F0A0-425A-AF84-FF6A58BB3165}.Debug|iPhoneSimulator.Deploy.0 = Debug|Any CPU
		{AB2E6643-F0A0-425A-AF84-FF6A58BB3165}.Debug|x64.ActiveCfg = Debug|Any CPU
		{AB2E6643-F0A0-425A-AF84-FF6A58BB3165}.Debug|x64.Build.0 = Debug|Any CPU
		{AB2E6643-F0A0-425A-AF84-FF6A58BB3165}.Debug|x64.Deploy.0 = Debug|Any CPU
		{AB2E6643-F0A0-425A-AF84-FF6A58BB3165}.Debug|x86.ActiveCfg = Debug|Any CPU
		{AB2E6643-F0A0-425A-AF84-FF6A58BB3165}.Debug|x86.Build.0 = Debug|Any CPU
		{AB2E6643-F0A0-425A-AF84-FF6A58BB3165}.Debug|x86.Deploy.0 = Debug|Any CPU
		{AB2E6643-F0A0-425A-AF84-FF6A58BB3165}.Release|Any CPU.ActiveCfg = Release|Any CPU
		{AB2E6643-F0A0-425A-AF84-FF6A58BB3165}.Release|Any CPU.Build.0 = Release|Any CPU
		{AB2E6643-F0A0-425A-AF84-FF6A58BB3165}.Release|Any CPU.Deploy.0 = Release|Any CPU
		{AB2E6643-F0A0-425A-AF84-FF6A58BB3165}.Release|ARM.ActiveCfg = Release|Any CPU
		{AB2E6643-F0A0-425A-AF84-FF6A58BB3165}.Release|ARM.Build.0 = Release|Any CPU
		{AB2E6643-F0A0-425A-AF84-FF6A58BB3165}.Release|ARM.Deploy.0 = Release|Any CPU
		{AB2E6643-F0A0-425A-AF84-FF6A58BB3165}.Release|iPhone.ActiveCfg = Release|Any CPU
		{AB2E6643-F0A0-425A-AF84-FF6A58BB3165}.Release|iPhone.Build.0 = Release|Any CPU
		{AB2E6643-F0A0-425A-AF84-FF6A58BB3165}.Release|iPhone.Deploy.0 = Release|Any CPU
		{AB2E6643-F0A0-425A-AF84-FF6A58BB3165}.Release|iPhoneSimulator.ActiveCfg = Release|Any CPU
		{AB2E6643-F0A0-425A-AF84-FF6A58BB3165}.Release|iPhoneSimulator.Build.0 = Release|Any CPU
		{AB2E6643-F0A0-425A-AF84-FF6A58BB3165}.Release|iPhoneSimulator.Deploy.0 = Release|Any CPU
		{AB2E6643-F0A0-425A-AF84-FF6A58BB3165}.Release|x64.ActiveCfg = Release|Any CPU
		{AB2E6643-F0A0-425A-AF84-FF6A58BB3165}.Release|x64.Build.0 = Release|Any CPU
		{AB2E6643-F0A0-425A-AF84-FF6A58BB3165}.Release|x64.Deploy.0 = Release|Any CPU
		{AB2E6643-F0A0-425A-AF84-FF6A58BB3165}.Release|x86.ActiveCfg = Release|Any CPU
		{AB2E6643-F0A0-425A-AF84-FF6A58BB3165}.Release|x86.Build.0 = Release|Any CPU
		{AB2E6643-F0A0-425A-AF84-FF6A58BB3165}.Release|x86.Deploy.0 = Release|Any CPU
		{91882EA8-55D4-47B2-A965-CFF469D875F8}.Debug|Any CPU.ActiveCfg = Debug|iPhoneSimulator
		{91882EA8-55D4-47B2-A965-CFF469D875F8}.Debug|Any CPU.Build.0 = Debug|iPhoneSimulator
		{91882EA8-55D4-47B2-A965-CFF469D875F8}.Debug|Any CPU.Deploy.0 = Debug|iPhoneSimulator
		{91882EA8-55D4-47B2-A965-CFF469D875F8}.Debug|ARM.ActiveCfg = Debug|iPhoneSimulator
		{91882EA8-55D4-47B2-A965-CFF469D875F8}.Debug|ARM.Build.0 = Debug|iPhoneSimulator
		{91882EA8-55D4-47B2-A965-CFF469D875F8}.Debug|ARM.Deploy.0 = Debug|iPhoneSimulator
		{91882EA8-55D4-47B2-A965-CFF469D875F8}.Debug|iPhone.ActiveCfg = Debug|iPhone
		{91882EA8-55D4-47B2-A965-CFF469D875F8}.Debug|iPhone.Build.0 = Debug|iPhone
		{91882EA8-55D4-47B2-A965-CFF469D875F8}.Debug|iPhone.Deploy.0 = Debug|iPhone
		{91882EA8-55D4-47B2-A965-CFF469D875F8}.Debug|iPhoneSimulator.ActiveCfg = Debug|iPhoneSimulator
		{91882EA8-55D4-47B2-A965-CFF469D875F8}.Debug|iPhoneSimulator.Build.0 = Debug|iPhoneSimulator
		{91882EA8-55D4-47B2-A965-CFF469D875F8}.Debug|iPhoneSimulator.Deploy.0 = Debug|iPhoneSimulator
		{91882EA8-55D4-47B2-A965-CFF469D875F8}.Debug|x64.ActiveCfg = Debug|iPhone
		{91882EA8-55D4-47B2-A965-CFF469D875F8}.Debug|x64.Build.0 = Debug|iPhone
		{91882EA8-55D4-47B2-A965-CFF469D875F8}.Debug|x64.Deploy.0 = Debug|iPhone
		{91882EA8-55D4-47B2-A965-CFF469D875F8}.Debug|x86.ActiveCfg = Debug|iPhoneSimulator
		{91882EA8-55D4-47B2-A965-CFF469D875F8}.Debug|x86.Build.0 = Debug|iPhoneSimulator
		{91882EA8-55D4-47B2-A965-CFF469D875F8}.Debug|x86.Deploy.0 = Debug|iPhoneSimulator
		{91882EA8-55D4-47B2-A965-CFF469D875F8}.Release|Any CPU.ActiveCfg = Release|iPhoneSimulator
		{91882EA8-55D4-47B2-A965-CFF469D875F8}.Release|Any CPU.Build.0 = Release|iPhoneSimulator
		{91882EA8-55D4-47B2-A965-CFF469D875F8}.Release|Any CPU.Deploy.0 = Release|iPhoneSimulator
		{91882EA8-55D4-47B2-A965-CFF469D875F8}.Release|ARM.ActiveCfg = Release|iPhoneSimulator
		{91882EA8-55D4-47B2-A965-CFF469D875F8}.Release|ARM.Build.0 = Release|iPhoneSimulator
		{91882EA8-55D4-47B2-A965-CFF469D875F8}.Release|ARM.Deploy.0 = Release|iPhoneSimulator
		{91882EA8-55D4-47B2-A965-CFF469D875F8}.Release|iPhone.ActiveCfg = Release|iPhone
		{91882EA8-55D4-47B2-A965-CFF469D875F8}.Release|iPhone.Build.0 = Release|iPhone
		{91882EA8-55D4-47B2-A965-CFF469D875F8}.Release|iPhone.Deploy.0 = Release|iPhone
		{91882EA8-55D4-47B2-A965-CFF469D875F8}.Release|iPhoneSimulator.ActiveCfg = Release|iPhoneSimulator
		{91882EA8-55D4-47B2-A965-CFF469D875F8}.Release|iPhoneSimulator.Build.0 = Release|iPhoneSimulator
		{91882EA8-55D4-47B2-A965-CFF469D875F8}.Release|iPhoneSimulator.Deploy.0 = Release|iPhoneSimulator
		{91882EA8-55D4-47B2-A965-CFF469D875F8}.Release|x64.ActiveCfg = Release|iPhoneSimulator
		{91882EA8-55D4-47B2-A965-CFF469D875F8}.Release|x64.Build.0 = Release|iPhoneSimulator
		{91882EA8-55D4-47B2-A965-CFF469D875F8}.Release|x64.Deploy.0 = Release|iPhoneSimulator
		{91882EA8-55D4-47B2-A965-CFF469D875F8}.Release|x86.ActiveCfg = Release|iPhoneSimulator
		{91882EA8-55D4-47B2-A965-CFF469D875F8}.Release|x86.Build.0 = Release|iPhoneSimulator
		{91882EA8-55D4-47B2-A965-CFF469D875F8}.Release|x86.Deploy.0 = Release|iPhoneSimulator
		{FA2CBC77-273D-4D6C-A4E4-87C728D83827}.Debug|Any CPU.ActiveCfg = Debug|Any CPU
		{FA2CBC77-273D-4D6C-A4E4-87C728D83827}.Debug|Any CPU.Build.0 = Debug|Any CPU
		{FA2CBC77-273D-4D6C-A4E4-87C728D83827}.Debug|Any CPU.Deploy.0 = Debug|Any CPU
		{FA2CBC77-273D-4D6C-A4E4-87C728D83827}.Debug|ARM.ActiveCfg = Debug|Any CPU
		{FA2CBC77-273D-4D6C-A4E4-87C728D83827}.Debug|ARM.Build.0 = Debug|Any CPU
		{FA2CBC77-273D-4D6C-A4E4-87C728D83827}.Debug|ARM.Deploy.0 = Debug|Any CPU
		{FA2CBC77-273D-4D6C-A4E4-87C728D83827}.Debug|iPhone.ActiveCfg = Debug|Any CPU
		{FA2CBC77-273D-4D6C-A4E4-87C728D83827}.Debug|iPhone.Build.0 = Debug|Any CPU
		{FA2CBC77-273D-4D6C-A4E4-87C728D83827}.Debug|iPhone.Deploy.0 = Debug|Any CPU
		{FA2CBC77-273D-4D6C-A4E4-87C728D83827}.Debug|iPhoneSimulator.ActiveCfg = Debug|Any CPU
		{FA2CBC77-273D-4D6C-A4E4-87C728D83827}.Debug|iPhoneSimulator.Build.0 = Debug|Any CPU
		{FA2CBC77-273D-4D6C-A4E4-87C728D83827}.Debug|iPhoneSimulator.Deploy.0 = Debug|Any CPU
		{FA2CBC77-273D-4D6C-A4E4-87C728D83827}.Debug|x64.ActiveCfg = Debug|Any CPU
		{FA2CBC77-273D-4D6C-A4E4-87C728D83827}.Debug|x64.Build.0 = Debug|Any CPU
		{FA2CBC77-273D-4D6C-A4E4-87C728D83827}.Debug|x64.Deploy.0 = Debug|Any CPU
		{FA2CBC77-273D-4D6C-A4E4-87C728D83827}.Debug|x86.ActiveCfg = Debug|Any CPU
		{FA2CBC77-273D-4D6C-A4E4-87C728D83827}.Debug|x86.Build.0 = Debug|Any CPU
		{FA2CBC77-273D-4D6C-A4E4-87C728D83827}.Debug|x86.Deploy.0 = Debug|Any CPU
		{FA2CBC77-273D-4D6C-A4E4-87C728D83827}.Release|Any CPU.ActiveCfg = Release|Any CPU
		{FA2CBC77-273D-4D6C-A4E4-87C728D83827}.Release|Any CPU.Build.0 = Release|Any CPU
		{FA2CBC77-273D-4D6C-A4E4-87C728D83827}.Release|Any CPU.Deploy.0 = Release|Any CPU
		{FA2CBC77-273D-4D6C-A4E4-87C728D83827}.Release|ARM.ActiveCfg = Release|Any CPU
		{FA2CBC77-273D-4D6C-A4E4-87C728D83827}.Release|ARM.Build.0 = Release|Any CPU
		{FA2CBC77-273D-4D6C-A4E4-87C728D83827}.Release|ARM.Deploy.0 = Release|Any CPU
		{FA2CBC77-273D-4D6C-A4E4-87C728D83827}.Release|iPhone.ActiveCfg = Release|Any CPU
		{FA2CBC77-273D-4D6C-A4E4-87C728D83827}.Release|iPhone.Build.0 = Release|Any CPU
		{FA2CBC77-273D-4D6C-A4E4-87C728D83827}.Release|iPhone.Deploy.0 = Release|Any CPU
		{FA2CBC77-273D-4D6C-A4E4-87C728D83827}.Release|iPhoneSimulator.ActiveCfg = Release|Any CPU
		{FA2CBC77-273D-4D6C-A4E4-87C728D83827}.Release|iPhoneSimulator.Build.0 = Release|Any CPU
		{FA2CBC77-273D-4D6C-A4E4-87C728D83827}.Release|iPhoneSimulator.Deploy.0 = Release|Any CPU
		{FA2CBC77-273D-4D6C-A4E4-87C728D83827}.Release|x64.ActiveCfg = Release|Any CPU
		{FA2CBC77-273D-4D6C-A4E4-87C728D83827}.Release|x64.Build.0 = Release|Any CPU
		{FA2CBC77-273D-4D6C-A4E4-87C728D83827}.Release|x64.Deploy.0 = Release|Any CPU
		{FA2CBC77-273D-4D6C-A4E4-87C728D83827}.Release|x86.ActiveCfg = Release|Any CPU
		{FA2CBC77-273D-4D6C-A4E4-87C728D83827}.Release|x86.Build.0 = Release|Any CPU
		{FA2CBC77-273D-4D6C-A4E4-87C728D83827}.Release|x86.Deploy.0 = Release|Any CPU
	EndGlobalSection
	GlobalSection(SolutionProperties) = preSolution
		HideSolutionNode = FALSE
	EndGlobalSection
	GlobalSection(ExtensibilityGlobals) = postSolution
		SolutionGuid = {2ACDFA6B-55AB-4111-AAAA-166041B25212}
	EndGlobalSection
EndGlobal
